
Microsoft Visual Studio Solution File, Format Version 12.00
# Visual Studio 15
VisualStudioVersion = 15.0.28307.1062
MinimumVisualStudioVersion = 10.0.40219.1
Project("{FAE04EC0-301F-11D3-BF4B-00C04F79EFBC}") = "FigureArea", "FigureArea\FigureArea.csproj", "{7EEAD49C-147B-4282-8CA6-325818B46874}"
EndProject
Project("{FAE04EC0-301F-11D3-BF4B-00C04F79EFBC}") = "FegureArea.Test", "Tesst\FegureArea.Test\FegureArea.Test.csproj", "{4E1F656F-C90B-4F80-9368-E90E78056D9E}"
EndProject
Global
	GlobalSection(SolutionConfigurationPlatforms) = preSolution
		Debug|Any CPU = Debug|Any CPU
		Release|Any CPU = Release|Any CPU
	EndGlobalSection
	GlobalSection(ProjectConfigurationPlatforms) = postSolution
		{7EEAD49C-147B-4282-8CA6-325818B46874}.Debug|Any CPU.ActiveCfg = Debug|Any CPU
		{7EEAD49C-147B-4282-8CA6-325818B46874}.Debug|Any CPU.Build.0 = Debug|Any CPU
		{7EEAD49C-147B-4282-8CA6-325818B46874}.Release|Any CPU.ActiveCfg = Release|Any CPU
		{7EEAD49C-147B-4282-8CA6-325818B46874}.Release|Any CPU.Build.0 = Release|Any CPU
		{4E1F656F-C90B-4F80-9368-E90E78056D9E}.Debug|Any CPU.ActiveCfg = Debug|Any CPU
		{4E1F656F-C90B-4F80-9368-E90E78056D9E}.Debug|Any CPU.Build.0 = Debug|Any CPU
		{4E1F656F-C90B-4F80-9368-E90E78056D9E}.Release|Any CPU.ActiveCfg = Release|Any CPU
		{4E1F656F-C90B-4F80-9368-E90E78056D9E}.Release|Any CPU.Build.0 = Release|Any CPU
	EndGlobalSection
	GlobalSection(SolutionProperties) = preSolution
		HideSolutionNode = FALSE
	EndGlobalSection
	GlobalSection(ExtensibilityGlobals) = postSolution
		SolutionGuid = {0110F045-A5D6-4E44-95E1-56B8BCA6C1B4}
	EndGlobalSection
EndGlobal
