
Microsoft Visual Studio Solution File, Format Version 12.00
# Visual Studio 15
VisualStudioVersion = 15.0.28307.779
MinimumVisualStudioVersion = 10.0.40219.1
Project("{FAE04EC0-301F-11D3-BF4B-00C04F79EFBC}") = "SumOfSimpleNum", "SumOfSimpleNum\SumOfSimpleNum.csproj", "{5DAAE6D0-9FCF-4951-8F8D-3F92DEEE3437}"
EndProject
Global
	GlobalSection(SolutionConfigurationPlatforms) = preSolution
		Debug|Any CPU = Debug|Any CPU
		Release|Any CPU = Release|Any CPU
	EndGlobalSection
	GlobalSection(ProjectConfigurationPlatforms) = postSolution
		{5DAAE6D0-9FCF-4951-8F8D-3F92DEEE3437}.Debug|Any CPU.ActiveCfg = Debug|Any CPU
		{5DAAE6D0-9FCF-4951-8F8D-3F92DEEE3437}.Debug|Any CPU.Build.0 = Debug|Any CPU
		{5DAAE6D0-9FCF-4951-8F8D-3F92DEEE3437}.Release|Any CPU.ActiveCfg = Release|Any CPU
		{5DAAE6D0-9FCF-4951-8F8D-3F92DEEE3437}.Release|Any CPU.Build.0 = Release|Any CPU
	EndGlobalSection
	GlobalSection(SolutionProperties) = preSolution
		HideSolutionNode = FALSE
	EndGlobalSection
	GlobalSection(ExtensibilityGlobals) = postSolution
		SolutionGuid = {F394F628-A5CD-4BFD-91E5-8458BB07AD53}
	EndGlobalSection
EndGlobal
