
Microsoft Visual Studio Solution File, Format Version 12.00
# Visual Studio 15
VisualStudioVersion = 15.0.28307.779
MinimumVisualStudioVersion = 10.0.40219.1
Project("{FAE04EC0-301F-11D3-BF4B-00C04F79EFBC}") = "DifferenceBetweenSumOfRectangleAndRectangleOfSum", "DifferenceBetweenSumOfRectangleAndRectangleOfSum\DifferenceBetweenSumOfRectangleAndRectangleOfSum.csproj", "{6F993AFE-5998-4D09-8C53-07B1FE1A2E62}"
EndProject
Project("{FAE04EC0-301F-11D3-BF4B-00C04F79EFBC}") = "Dlegates", "Dlegates\Dlegates.csproj", "{A0EEF421-382D-4D4E-A592-C2D7AD6B77A5}"
EndProject
Global
	GlobalSection(SolutionConfigurationPlatforms) = preSolution
		Debug|Any CPU = Debug|Any CPU
		Release|Any CPU = Release|Any CPU
	EndGlobalSection
	GlobalSection(ProjectConfigurationPlatforms) = postSolution
		{6F993AFE-5998-4D09-8C53-07B1FE1A2E62}.Debug|Any CPU.ActiveCfg = Debug|Any CPU
		{6F993AFE-5998-4D09-8C53-07B1FE1A2E62}.Debug|Any CPU.Build.0 = Debug|Any CPU
		{6F993AFE-5998-4D09-8C53-07B1FE1A2E62}.Release|Any CPU.ActiveCfg = Release|Any CPU
		{6F993AFE-5998-4D09-8C53-07B1FE1A2E62}.Release|Any CPU.Build.0 = Release|Any CPU
		{A0EEF421-382D-4D4E-A592-C2D7AD6B77A5}.Debug|Any CPU.ActiveCfg = Debug|Any CPU
		{A0EEF421-382D-4D4E-A592-C2D7AD6B77A5}.Debug|Any CPU.Build.0 = Debug|Any CPU
		{A0EEF421-382D-4D4E-A592-C2D7AD6B77A5}.Release|Any CPU.ActiveCfg = Release|Any CPU
		{A0EEF421-382D-4D4E-A592-C2D7AD6B77A5}.Release|Any CPU.Build.0 = Release|Any CPU
	EndGlobalSection
	GlobalSection(SolutionProperties) = preSolution
		HideSolutionNode = FALSE
	EndGlobalSection
	GlobalSection(ExtensibilityGlobals) = postSolution
		SolutionGuid = {48823F4A-3714-4058-A113-9E162641D21D}
	EndGlobalSection
EndGlobal
